// !$*UTF8*$!
{
	archiveVersion = 1;
	classes = {
	};
	objectVersion = 46;
	objects = {

/* Begin PBXBuildFile section */
		8237A42E1C1770DA008DEA43 /* DurationTests.swift in Sources */ = {isa = PBXBuildFile; fileRef = 8237A42D1C1770DA008DEA43 /* DurationTests.swift */; };
		8237A42F1C1770DA008DEA43 /* DurationTests.swift in Sources */ = {isa = PBXBuildFile; fileRef = 8237A42D1C1770DA008DEA43 /* DurationTests.swift */; };
		8237A4301C1770DA008DEA43 /* DurationTests.swift in Sources */ = {isa = PBXBuildFile; fileRef = 8237A42D1C1770DA008DEA43 /* DurationTests.swift */; };
		8237A4321C1770EA008DEA43 /* DebuggingTests.swift in Sources */ = {isa = PBXBuildFile; fileRef = 8237A4311C1770EA008DEA43 /* DebuggingTests.swift */; };
		8237A4331C1770EA008DEA43 /* DebuggingTests.swift in Sources */ = {isa = PBXBuildFile; fileRef = 8237A4311C1770EA008DEA43 /* DebuggingTests.swift */; };
		8237A4341C1770EA008DEA43 /* DebuggingTests.swift in Sources */ = {isa = PBXBuildFile; fileRef = 8237A4311C1770EA008DEA43 /* DebuggingTests.swift */; };
		823F18691BF43A9D008DF5F8 /* Datez.framework in Frameworks */ = {isa = PBXBuildFile; fileRef = 82D57D951BEF05BC0071C345 /* Datez.framework */; };
		823F18781BF43AB7008DF5F8 /* Datez.framework in Frameworks */ = {isa = PBXBuildFile; fileRef = 82D57D7E1BEF04250071C345 /* Datez.framework */; };
		828562521C16523A0030FF3B /* DateViewTests.swift in Sources */ = {isa = PBXBuildFile; fileRef = 8285624D1C164F7B0030FF3B /* DateViewTests.swift */; };
		828562531C16523B0030FF3B /* DateViewTests.swift in Sources */ = {isa = PBXBuildFile; fileRef = 8285624D1C164F7B0030FF3B /* DateViewTests.swift */; };
		828562541C16523B0030FF3B /* DateViewTests.swift in Sources */ = {isa = PBXBuildFile; fileRef = 8285624D1C164F7B0030FF3B /* DateViewTests.swift */; };
		828562551C1652450030FF3B /* CalendarComponentsTests.swift in Sources */ = {isa = PBXBuildFile; fileRef = 828562481C164F710030FF3B /* CalendarComponentsTests.swift */; };
		828562561C1652460030FF3B /* CalendarComponentsTests.swift in Sources */ = {isa = PBXBuildFile; fileRef = 828562481C164F710030FF3B /* CalendarComponentsTests.swift */; };
		828562571C1652460030FF3B /* CalendarComponentsTests.swift in Sources */ = {isa = PBXBuildFile; fileRef = 828562481C164F710030FF3B /* CalendarComponentsTests.swift */; };
		828C1CA81C1782DF0027C73D /* NSDateOperatorsTests.swift in Sources */ = {isa = PBXBuildFile; fileRef = 828C1CA71C1782DF0027C73D /* NSDateOperatorsTests.swift */; };
		828C1CA91C1782DF0027C73D /* NSDateOperatorsTests.swift in Sources */ = {isa = PBXBuildFile; fileRef = 828C1CA71C1782DF0027C73D /* NSDateOperatorsTests.swift */; };
		828C1CAA1C1782DF0027C73D /* NSDateOperatorsTests.swift in Sources */ = {isa = PBXBuildFile; fileRef = 828C1CA71C1782DF0027C73D /* NSDateOperatorsTests.swift */; };
		82BCA8AE1BEF243200C1421E /* Counting.swift in Sources */ = {isa = PBXBuildFile; fileRef = 82BCA8AD1BEF243200C1421E /* Counting.swift */; };
		82BCA8AF1BEF243200C1421E /* Counting.swift in Sources */ = {isa = PBXBuildFile; fileRef = 82BCA8AD1BEF243200C1421E /* Counting.swift */; };
		82BCA8B01BEF243200C1421E /* Counting.swift in Sources */ = {isa = PBXBuildFile; fileRef = 82BCA8AD1BEF243200C1421E /* Counting.swift */; };
		82BCA8B11BEF243200C1421E /* Counting.swift in Sources */ = {isa = PBXBuildFile; fileRef = 82BCA8AD1BEF243200C1421E /* Counting.swift */; };
		82D57CED1BEE740B0071C345 /* Datez.framework in Frameworks */ = {isa = PBXBuildFile; fileRef = 82D57CE21BEE740B0071C345 /* Datez.framework */; };
		82D57D281BEED6680071C345 /* CalendarComponents.swift in Sources */ = {isa = PBXBuildFile; fileRef = 82D57D1F1BEED6680071C345 /* CalendarComponents.swift */; };
		82D57D291BEED6680071C345 /* DateView.swift in Sources */ = {isa = PBXBuildFile; fileRef = 82D57D201BEED6680071C345 /* DateView.swift */; };
		82D57D2C1BEED6680071C345 /* Relativity.swift in Sources */ = {isa = PBXBuildFile; fileRef = 82D57D241BEED6680071C345 /* Relativity.swift */; };
		82D57D2D1BEED6680071C345 /* CalendarComponents+Operators.swift in Sources */ = {isa = PBXBuildFile; fileRef = 82D57D261BEED6680071C345 /* CalendarComponents+Operators.swift */; };
		82D57D2E1BEED6680071C345 /* DateView+Operators.swift in Sources */ = {isa = PBXBuildFile; fileRef = 82D57D271BEED6680071C345 /* DateView+Operators.swift */; };
		82D57D321BEED9050071C345 /* NSDate+Operators.swift in Sources */ = {isa = PBXBuildFile; fileRef = 82D57D311BEED9050071C345 /* NSDate+Operators.swift */; };
		82D57D341BEED99C0071C345 /* Duration.swift in Sources */ = {isa = PBXBuildFile; fileRef = 82D57D331BEED99C0071C345 /* Duration.swift */; };
		82D57D3D1BEEEB1A0071C345 /* Debugging.swift in Sources */ = {isa = PBXBuildFile; fileRef = 82D57D3C1BEEEB1A0071C345 /* Debugging.swift */; };
		82D57D401BEEECAF0071C345 /* NSDate+Conversion.swift in Sources */ = {isa = PBXBuildFile; fileRef = 82D57D3F1BEEECAF0071C345 /* NSDate+Conversion.swift */; };
		82D57D421BEEECCD0071C345 /* NSDateComponents+Conversion.swift in Sources */ = {isa = PBXBuildFile; fileRef = 82D57D411BEEECCD0071C345 /* NSDateComponents+Conversion.swift */; };
		82D57D441BEEECF30071C345 /* NSTimeInterval+Conversion.swift in Sources */ = {isa = PBXBuildFile; fileRef = 82D57D431BEEECF30071C345 /* NSTimeInterval+Conversion.swift */; };
		82D57D461BEEED150071C345 /* NSCalendar+Conversion.swift in Sources */ = {isa = PBXBuildFile; fileRef = 82D57D451BEEED150071C345 /* NSCalendar+Conversion.swift */; };
		82D57D541BEF01DF0071C345 /* NSTimeInterval+Conversion.swift in Sources */ = {isa = PBXBuildFile; fileRef = 82D57D431BEEECF30071C345 /* NSTimeInterval+Conversion.swift */; };
		82D57D551BEF01DF0071C345 /* CalendarComponents+Operators.swift in Sources */ = {isa = PBXBuildFile; fileRef = 82D57D261BEED6680071C345 /* CalendarComponents+Operators.swift */; };
		82D57D561BEF01DF0071C345 /* NSCalendar+Conversion.swift in Sources */ = {isa = PBXBuildFile; fileRef = 82D57D451BEEED150071C345 /* NSCalendar+Conversion.swift */; };
		82D57D571BEF01DF0071C345 /* NSDateComponents+Conversion.swift in Sources */ = {isa = PBXBuildFile; fileRef = 82D57D411BEEECCD0071C345 /* NSDateComponents+Conversion.swift */; };
		82D57D581BEF01DF0071C345 /* Debugging.swift in Sources */ = {isa = PBXBuildFile; fileRef = 82D57D3C1BEEEB1A0071C345 /* Debugging.swift */; };
		82D57D591BEF01DF0071C345 /* NSDate+Operators.swift in Sources */ = {isa = PBXBuildFile; fileRef = 82D57D311BEED9050071C345 /* NSDate+Operators.swift */; };
		82D57D5A1BEF01DF0071C345 /* Relativity.swift in Sources */ = {isa = PBXBuildFile; fileRef = 82D57D241BEED6680071C345 /* Relativity.swift */; };
		82D57D5B1BEF01DF0071C345 /* DateView+Operators.swift in Sources */ = {isa = PBXBuildFile; fileRef = 82D57D271BEED6680071C345 /* DateView+Operators.swift */; };
		82D57D5C1BEF01DF0071C345 /* DateView.swift in Sources */ = {isa = PBXBuildFile; fileRef = 82D57D201BEED6680071C345 /* DateView.swift */; };
		82D57D5D1BEF01DF0071C345 /* NSDate+Conversion.swift in Sources */ = {isa = PBXBuildFile; fileRef = 82D57D3F1BEEECAF0071C345 /* NSDate+Conversion.swift */; };
		82D57D5E1BEF01DF0071C345 /* Duration.swift in Sources */ = {isa = PBXBuildFile; fileRef = 82D57D331BEED99C0071C345 /* Duration.swift */; };
		82D57D5F1BEF01DF0071C345 /* CalendarComponents.swift in Sources */ = {isa = PBXBuildFile; fileRef = 82D57D1F1BEED6680071C345 /* CalendarComponents.swift */; };
		82D57D6B1BEF04250071C345 /* NSTimeInterval+Conversion.swift in Sources */ = {isa = PBXBuildFile; fileRef = 82D57D431BEEECF30071C345 /* NSTimeInterval+Conversion.swift */; };
		82D57D6C1BEF04250071C345 /* CalendarComponents+Operators.swift in Sources */ = {isa = PBXBuildFile; fileRef = 82D57D261BEED6680071C345 /* CalendarComponents+Operators.swift */; };
		82D57D6D1BEF04250071C345 /* NSCalendar+Conversion.swift in Sources */ = {isa = PBXBuildFile; fileRef = 82D57D451BEEED150071C345 /* NSCalendar+Conversion.swift */; };
		82D57D6E1BEF04250071C345 /* NSDateComponents+Conversion.swift in Sources */ = {isa = PBXBuildFile; fileRef = 82D57D411BEEECCD0071C345 /* NSDateComponents+Conversion.swift */; };
		82D57D6F1BEF04250071C345 /* Debugging.swift in Sources */ = {isa = PBXBuildFile; fileRef = 82D57D3C1BEEEB1A0071C345 /* Debugging.swift */; };
		82D57D701BEF04250071C345 /* NSDate+Operators.swift in Sources */ = {isa = PBXBuildFile; fileRef = 82D57D311BEED9050071C345 /* NSDate+Operators.swift */; };
		82D57D711BEF04250071C345 /* Relativity.swift in Sources */ = {isa = PBXBuildFile; fileRef = 82D57D241BEED6680071C345 /* Relativity.swift */; };
		82D57D721BEF04250071C345 /* DateView+Operators.swift in Sources */ = {isa = PBXBuildFile; fileRef = 82D57D271BEED6680071C345 /* DateView+Operators.swift */; };
		82D57D731BEF04250071C345 /* DateView.swift in Sources */ = {isa = PBXBuildFile; fileRef = 82D57D201BEED6680071C345 /* DateView.swift */; };
		82D57D741BEF04250071C345 /* NSDate+Conversion.swift in Sources */ = {isa = PBXBuildFile; fileRef = 82D57D3F1BEEECAF0071C345 /* NSDate+Conversion.swift */; };
		82D57D751BEF04250071C345 /* Duration.swift in Sources */ = {isa = PBXBuildFile; fileRef = 82D57D331BEED99C0071C345 /* Duration.swift */; };
		82D57D761BEF04250071C345 /* CalendarComponents.swift in Sources */ = {isa = PBXBuildFile; fileRef = 82D57D1F1BEED6680071C345 /* CalendarComponents.swift */; };
		82D57D821BEF05BC0071C345 /* NSTimeInterval+Conversion.swift in Sources */ = {isa = PBXBuildFile; fileRef = 82D57D431BEEECF30071C345 /* NSTimeInterval+Conversion.swift */; };
		82D57D831BEF05BC0071C345 /* CalendarComponents+Operators.swift in Sources */ = {isa = PBXBuildFile; fileRef = 82D57D261BEED6680071C345 /* CalendarComponents+Operators.swift */; };
		82D57D841BEF05BC0071C345 /* NSCalendar+Conversion.swift in Sources */ = {isa = PBXBuildFile; fileRef = 82D57D451BEEED150071C345 /* NSCalendar+Conversion.swift */; };
		82D57D851BEF05BC0071C345 /* NSDateComponents+Conversion.swift in Sources */ = {isa = PBXBuildFile; fileRef = 82D57D411BEEECCD0071C345 /* NSDateComponents+Conversion.swift */; };
		82D57D861BEF05BC0071C345 /* Debugging.swift in Sources */ = {isa = PBXBuildFile; fileRef = 82D57D3C1BEEEB1A0071C345 /* Debugging.swift */; };
		82D57D871BEF05BC0071C345 /* NSDate+Operators.swift in Sources */ = {isa = PBXBuildFile; fileRef = 82D57D311BEED9050071C345 /* NSDate+Operators.swift */; };
		82D57D881BEF05BC0071C345 /* Relativity.swift in Sources */ = {isa = PBXBuildFile; fileRef = 82D57D241BEED6680071C345 /* Relativity.swift */; };
		82D57D891BEF05BC0071C345 /* DateView+Operators.swift in Sources */ = {isa = PBXBuildFile; fileRef = 82D57D271BEED6680071C345 /* DateView+Operators.swift */; };
		82D57D8A1BEF05BC0071C345 /* DateView.swift in Sources */ = {isa = PBXBuildFile; fileRef = 82D57D201BEED6680071C345 /* DateView.swift */; };
		82D57D8B1BEF05BC0071C345 /* NSDate+Conversion.swift in Sources */ = {isa = PBXBuildFile; fileRef = 82D57D3F1BEEECAF0071C345 /* NSDate+Conversion.swift */; };
		82D57D8C1BEF05BC0071C345 /* Duration.swift in Sources */ = {isa = PBXBuildFile; fileRef = 82D57D331BEED99C0071C345 /* Duration.swift */; };
		82D57D8D1BEF05BC0071C345 /* CalendarComponents.swift in Sources */ = {isa = PBXBuildFile; fileRef = 82D57D1F1BEED6680071C345 /* CalendarComponents.swift */; };
		82FD6C061C1656D9004A62FA /* NSTimeIntervalConversionTests.swift in Sources */ = {isa = PBXBuildFile; fileRef = 82FD6C051C1656D9004A62FA /* NSTimeIntervalConversionTests.swift */; };
		82FD6C071C1656D9004A62FA /* NSTimeIntervalConversionTests.swift in Sources */ = {isa = PBXBuildFile; fileRef = 82FD6C051C1656D9004A62FA /* NSTimeIntervalConversionTests.swift */; };
		82FD6C081C1656D9004A62FA /* NSTimeIntervalConversionTests.swift in Sources */ = {isa = PBXBuildFile; fileRef = 82FD6C051C1656D9004A62FA /* NSTimeIntervalConversionTests.swift */; };
		82FD6C0C1C165E05004A62FA /* CalendarComponentsOperatorsTests.swift in Sources */ = {isa = PBXBuildFile; fileRef = 82FD6C0A1C165E05004A62FA /* CalendarComponentsOperatorsTests.swift */; };
		82FD6C0D1C165E05004A62FA /* CalendarComponentsOperatorsTests.swift in Sources */ = {isa = PBXBuildFile; fileRef = 82FD6C0A1C165E05004A62FA /* CalendarComponentsOperatorsTests.swift */; };
		82FD6C0E1C165E05004A62FA /* CalendarComponentsOperatorsTests.swift in Sources */ = {isa = PBXBuildFile; fileRef = 82FD6C0A1C165E05004A62FA /* CalendarComponentsOperatorsTests.swift */; };
		82FD6C0F1C165E05004A62FA /* DateViewOperatorsTests.swift in Sources */ = {isa = PBXBuildFile; fileRef = 82FD6C0B1C165E05004A62FA /* DateViewOperatorsTests.swift */; };
		82FD6C101C165E05004A62FA /* DateViewOperatorsTests.swift in Sources */ = {isa = PBXBuildFile; fileRef = 82FD6C0B1C165E05004A62FA /* DateViewOperatorsTests.swift */; };
		82FD6C111C165E05004A62FA /* DateViewOperatorsTests.swift in Sources */ = {isa = PBXBuildFile; fileRef = 82FD6C0B1C165E05004A62FA /* DateViewOperatorsTests.swift */; };
		82FD6C141C165E25004A62FA /* CountingTests.swift in Sources */ = {isa = PBXBuildFile; fileRef = 82FD6C121C165E25004A62FA /* CountingTests.swift */; };
		82FD6C151C165E25004A62FA /* CountingTests.swift in Sources */ = {isa = PBXBuildFile; fileRef = 82FD6C121C165E25004A62FA /* CountingTests.swift */; };
		82FD6C161C165E25004A62FA /* CountingTests.swift in Sources */ = {isa = PBXBuildFile; fileRef = 82FD6C121C165E25004A62FA /* CountingTests.swift */; };
		82FD6C171C165E25004A62FA /* RelativityTests.swift in Sources */ = {isa = PBXBuildFile; fileRef = 82FD6C131C165E25004A62FA /* RelativityTests.swift */; };
		82FD6C181C165E25004A62FA /* RelativityTests.swift in Sources */ = {isa = PBXBuildFile; fileRef = 82FD6C131C165E25004A62FA /* RelativityTests.swift */; };
		82FD6C191C165E25004A62FA /* RelativityTests.swift in Sources */ = {isa = PBXBuildFile; fileRef = 82FD6C131C165E25004A62FA /* RelativityTests.swift */; };
		82FD6C1B1C165E46004A62FA /* NSDateConversionTests.swift in Sources */ = {isa = PBXBuildFile; fileRef = 82FD6C1A1C165E46004A62FA /* NSDateConversionTests.swift */; };
		82FD6C1C1C165E46004A62FA /* NSDateConversionTests.swift in Sources */ = {isa = PBXBuildFile; fileRef = 82FD6C1A1C165E46004A62FA /* NSDateConversionTests.swift */; };
		82FD6C1D1C165E46004A62FA /* NSDateConversionTests.swift in Sources */ = {isa = PBXBuildFile; fileRef = 82FD6C1A1C165E46004A62FA /* NSDateConversionTests.swift */; };
		82FD6C1F1C16603D004A62FA /* NSDateComponentsConversionTests.swift in Sources */ = {isa = PBXBuildFile; fileRef = 82FD6C1E1C16603D004A62FA /* NSDateComponentsConversionTests.swift */; };
		82FD6C201C16603D004A62FA /* NSDateComponentsConversionTests.swift in Sources */ = {isa = PBXBuildFile; fileRef = 82FD6C1E1C16603D004A62FA /* NSDateComponentsConversionTests.swift */; };
		82FD6C211C16603D004A62FA /* NSDateComponentsConversionTests.swift in Sources */ = {isa = PBXBuildFile; fileRef = 82FD6C1E1C16603D004A62FA /* NSDateComponentsConversionTests.swift */; };
		82FD6C231C166225004A62FA /* NSCalendarConversionTests.swift in Sources */ = {isa = PBXBuildFile; fileRef = 82FD6C221C166225004A62FA /* NSCalendarConversionTests.swift */; };
		82FD6C241C166225004A62FA /* NSCalendarConversionTests.swift in Sources */ = {isa = PBXBuildFile; fileRef = 82FD6C221C166225004A62FA /* NSCalendarConversionTests.swift */; };
		82FD6C251C166225004A62FA /* NSCalendarConversionTests.swift in Sources */ = {isa = PBXBuildFile; fileRef = 82FD6C221C166225004A62FA /* NSCalendarConversionTests.swift */; };
/* End PBXBuildFile section */

/* Begin PBXContainerItemProxy section */
		823F186A1BF43A9D008DF5F8 /* PBXContainerItemProxy */ = {
			isa = PBXContainerItemProxy;
			containerPortal = 82D57CD91BEE740B0071C345 /* Project object */;
			proxyType = 1;
			remoteGlobalIDString = 82D57D801BEF05BC0071C345;
			remoteInfo = "Datez-tvos";
		};
		823F18791BF43AB7008DF5F8 /* PBXContainerItemProxy */ = {
			isa = PBXContainerItemProxy;
			containerPortal = 82D57CD91BEE740B0071C345 /* Project object */;
			proxyType = 1;
			remoteGlobalIDString = 82D57D691BEF04250071C345;
			remoteInfo = "Datez-osx";
		};
		82D57CEE1BEE740B0071C345 /* PBXContainerItemProxy */ = {
			isa = PBXContainerItemProxy;
			containerPortal = 82D57CD91BEE740B0071C345 /* Project object */;
			proxyType = 1;
			remoteGlobalIDString = 82D57CE11BEE740B0071C345;
			remoteInfo = Datez;
		};
/* End PBXContainerItemProxy section */

/* Begin PBXFileReference section */
		8237A42D1C1770DA008DEA43 /* DurationTests.swift */ = {isa = PBXFileReference; fileEncoding = 4; lastKnownFileType = sourcecode.swift; path = DurationTests.swift; sourceTree = "<group>"; };
		8237A4311C1770EA008DEA43 /* DebuggingTests.swift */ = {isa = PBXFileReference; fileEncoding = 4; lastKnownFileType = sourcecode.swift; path = DebuggingTests.swift; sourceTree = "<group>"; };
		823F18641BF43A9D008DF5F8 /* DatezTests-tvos.xctest */ = {isa = PBXFileReference; explicitFileType = wrapper.cfbundle; includeInIndex = 0; path = "DatezTests-tvos.xctest"; sourceTree = BUILT_PRODUCTS_DIR; };
		823F18731BF43AB6008DF5F8 /* DatezTests-osx.xctest */ = {isa = PBXFileReference; explicitFileType = wrapper.cfbundle; includeInIndex = 0; path = "DatezTests-osx.xctest"; sourceTree = BUILT_PRODUCTS_DIR; };
		828562481C164F710030FF3B /* CalendarComponentsTests.swift */ = {isa = PBXFileReference; fileEncoding = 4; lastKnownFileType = sourcecode.swift; path = CalendarComponentsTests.swift; sourceTree = "<group>"; };
		8285624D1C164F7B0030FF3B /* DateViewTests.swift */ = {isa = PBXFileReference; fileEncoding = 4; lastKnownFileType = sourcecode.swift; path = DateViewTests.swift; sourceTree = "<group>"; };
		828C1CA71C1782DF0027C73D /* NSDateOperatorsTests.swift */ = {isa = PBXFileReference; fileEncoding = 4; lastKnownFileType = sourcecode.swift; path = NSDateOperatorsTests.swift; sourceTree = "<group>"; };
		82BCA8AD1BEF243200C1421E /* Counting.swift */ = {isa = PBXFileReference; fileEncoding = 4; lastKnownFileType = sourcecode.swift; path = Counting.swift; sourceTree = "<group>"; };
		82D57CE21BEE740B0071C345 /* Datez.framework */ = {isa = PBXFileReference; explicitFileType = wrapper.framework; includeInIndex = 0; path = Datez.framework; sourceTree = BUILT_PRODUCTS_DIR; };
		82D57CEC1BEE740B0071C345 /* DatezTests-ios.xctest */ = {isa = PBXFileReference; explicitFileType = wrapper.cfbundle; includeInIndex = 0; path = "DatezTests-ios.xctest"; sourceTree = BUILT_PRODUCTS_DIR; };
		82D57CF31BEE740B0071C345 /* Info.plist */ = {isa = PBXFileReference; lastKnownFileType = text.plist.xml; path = Info.plist; sourceTree = "<group>"; };
		82D57D1F1BEED6680071C345 /* CalendarComponents.swift */ = {isa = PBXFileReference; fileEncoding = 4; lastKnownFileType = sourcecode.swift; path = CalendarComponents.swift; sourceTree = "<group>"; };
		82D57D201BEED6680071C345 /* DateView.swift */ = {isa = PBXFileReference; fileEncoding = 4; lastKnownFileType = sourcecode.swift; path = DateView.swift; sourceTree = "<group>"; };
		82D57D241BEED6680071C345 /* Relativity.swift */ = {isa = PBXFileReference; fileEncoding = 4; lastKnownFileType = sourcecode.swift; path = Relativity.swift; sourceTree = "<group>"; };
		82D57D261BEED6680071C345 /* CalendarComponents+Operators.swift */ = {isa = PBXFileReference; fileEncoding = 4; lastKnownFileType = sourcecode.swift; path = "CalendarComponents+Operators.swift"; sourceTree = "<group>"; };
		82D57D271BEED6680071C345 /* DateView+Operators.swift */ = {isa = PBXFileReference; fileEncoding = 4; lastKnownFileType = sourcecode.swift; path = "DateView+Operators.swift"; sourceTree = "<group>"; };
		82D57D311BEED9050071C345 /* NSDate+Operators.swift */ = {isa = PBXFileReference; fileEncoding = 4; lastKnownFileType = sourcecode.swift; path = "NSDate+Operators.swift"; sourceTree = "<group>"; };
		82D57D331BEED99C0071C345 /* Duration.swift */ = {isa = PBXFileReference; fileEncoding = 4; lastKnownFileType = sourcecode.swift; path = Duration.swift; sourceTree = "<group>"; };
		82D57D3C1BEEEB1A0071C345 /* Debugging.swift */ = {isa = PBXFileReference; fileEncoding = 4; lastKnownFileType = sourcecode.swift; path = Debugging.swift; sourceTree = "<group>"; };
		82D57D3F1BEEECAF0071C345 /* NSDate+Conversion.swift */ = {isa = PBXFileReference; fileEncoding = 4; lastKnownFileType = sourcecode.swift; path = "NSDate+Conversion.swift"; sourceTree = "<group>"; };
		82D57D411BEEECCD0071C345 /* NSDateComponents+Conversion.swift */ = {isa = PBXFileReference; fileEncoding = 4; lastKnownFileType = sourcecode.swift; path = "NSDateComponents+Conversion.swift"; sourceTree = "<group>"; };
		82D57D431BEEECF30071C345 /* NSTimeInterval+Conversion.swift */ = {isa = PBXFileReference; fileEncoding = 4; lastKnownFileType = sourcecode.swift; path = "NSTimeInterval+Conversion.swift"; sourceTree = "<group>"; };
		82D57D451BEEED150071C345 /* NSCalendar+Conversion.swift */ = {isa = PBXFileReference; fileEncoding = 4; lastKnownFileType = sourcecode.swift; path = "NSCalendar+Conversion.swift"; sourceTree = "<group>"; };
		82D57D671BEF01DF0071C345 /* Datez.framework */ = {isa = PBXFileReference; explicitFileType = wrapper.framework; includeInIndex = 0; path = Datez.framework; sourceTree = BUILT_PRODUCTS_DIR; };
		82D57D7E1BEF04250071C345 /* Datez.framework */ = {isa = PBXFileReference; explicitFileType = wrapper.framework; includeInIndex = 0; path = Datez.framework; sourceTree = BUILT_PRODUCTS_DIR; };
		82D57D951BEF05BC0071C345 /* Datez.framework */ = {isa = PBXFileReference; explicitFileType = wrapper.framework; includeInIndex = 0; path = Datez.framework; sourceTree = BUILT_PRODUCTS_DIR; };
		82D57D981BEF0EF90071C345 /* Datez-ios-Info.plist */ = {isa = PBXFileReference; lastKnownFileType = text.plist.xml; path = "Datez-ios-Info.plist"; sourceTree = "<group>"; };
		82D57D991BEF0EF90071C345 /* Datez-osx-Info.plist */ = {isa = PBXFileReference; lastKnownFileType = text.plist.xml; path = "Datez-osx-Info.plist"; sourceTree = "<group>"; };
		82D57D9A1BEF0EF90071C345 /* Datez-tvos-Info.plist */ = {isa = PBXFileReference; lastKnownFileType = text.plist.xml; path = "Datez-tvos-Info.plist"; sourceTree = "<group>"; };
		82D57D9B1BEF0EF90071C345 /* Datez-watchos-Info.plist */ = {isa = PBXFileReference; lastKnownFileType = text.plist.xml; path = "Datez-watchos-Info.plist"; sourceTree = "<group>"; };
		82FD6C051C1656D9004A62FA /* NSTimeIntervalConversionTests.swift */ = {isa = PBXFileReference; fileEncoding = 4; lastKnownFileType = sourcecode.swift; path = NSTimeIntervalConversionTests.swift; sourceTree = "<group>"; };
		82FD6C0A1C165E05004A62FA /* CalendarComponentsOperatorsTests.swift */ = {isa = PBXFileReference; fileEncoding = 4; lastKnownFileType = sourcecode.swift; path = CalendarComponentsOperatorsTests.swift; sourceTree = "<group>"; };
		82FD6C0B1C165E05004A62FA /* DateViewOperatorsTests.swift */ = {isa = PBXFileReference; fileEncoding = 4; lastKnownFileType = sourcecode.swift; path = DateViewOperatorsTests.swift; sourceTree = "<group>"; };
		82FD6C121C165E25004A62FA /* CountingTests.swift */ = {isa = PBXFileReference; fileEncoding = 4; lastKnownFileType = sourcecode.swift; path = CountingTests.swift; sourceTree = "<group>"; };
		82FD6C131C165E25004A62FA /* RelativityTests.swift */ = {isa = PBXFileReference; fileEncoding = 4; lastKnownFileType = sourcecode.swift; path = RelativityTests.swift; sourceTree = "<group>"; };
		82FD6C1A1C165E46004A62FA /* NSDateConversionTests.swift */ = {isa = PBXFileReference; fileEncoding = 4; lastKnownFileType = sourcecode.swift; path = NSDateConversionTests.swift; sourceTree = "<group>"; };
		82FD6C1E1C16603D004A62FA /* NSDateComponentsConversionTests.swift */ = {isa = PBXFileReference; fileEncoding = 4; lastKnownFileType = sourcecode.swift; path = NSDateComponentsConversionTests.swift; sourceTree = "<group>"; };
		82FD6C221C166225004A62FA /* NSCalendarConversionTests.swift */ = {isa = PBXFileReference; fileEncoding = 4; lastKnownFileType = sourcecode.swift; path = NSCalendarConversionTests.swift; sourceTree = "<group>"; };
/* End PBXFileReference section */

/* Begin PBXFrameworksBuildPhase section */
		823F18611BF43A9D008DF5F8 /* Frameworks */ = {
			isa = PBXFrameworksBuildPhase;
			buildActionMask = 2147483647;
			files = (
				823F18691BF43A9D008DF5F8 /* Datez.framework in Frameworks */,
			);
			runOnlyForDeploymentPostprocessing = 0;
		};
		823F18701BF43AB6008DF5F8 /* Frameworks */ = {
			isa = PBXFrameworksBuildPhase;
			buildActionMask = 2147483647;
			files = (
				823F18781BF43AB7008DF5F8 /* Datez.framework in Frameworks */,
			);
			runOnlyForDeploymentPostprocessing = 0;
		};
		82D57CDE1BEE740B0071C345 /* Frameworks */ = {
			isa = PBXFrameworksBuildPhase;
			buildActionMask = 2147483647;
			files = (
			);
			runOnlyForDeploymentPostprocessing = 0;
		};
		82D57CE91BEE740B0071C345 /* Frameworks */ = {
			isa = PBXFrameworksBuildPhase;
			buildActionMask = 2147483647;
			files = (
				82D57CED1BEE740B0071C345 /* Datez.framework in Frameworks */,
			);
			runOnlyForDeploymentPostprocessing = 0;
		};
		82D57D601BEF01DF0071C345 /* Frameworks */ = {
			isa = PBXFrameworksBuildPhase;
			buildActionMask = 2147483647;
			files = (
			);
			runOnlyForDeploymentPostprocessing = 0;
		};
		82D57D771BEF04250071C345 /* Frameworks */ = {
			isa = PBXFrameworksBuildPhase;
			buildActionMask = 2147483647;
			files = (
			);
			runOnlyForDeploymentPostprocessing = 0;
		};
		82D57D8E1BEF05BC0071C345 /* Frameworks */ = {
			isa = PBXFrameworksBuildPhase;
			buildActionMask = 2147483647;
			files = (
			);
			runOnlyForDeploymentPostprocessing = 0;
		};
/* End PBXFrameworksBuildPhase section */

/* Begin PBXGroup section */
		828562471C164F280030FF3B /* EntityTests */ = {
			isa = PBXGroup;
			children = (
				828562481C164F710030FF3B /* CalendarComponentsTests.swift */,
				8285624D1C164F7B0030FF3B /* DateViewTests.swift */,
			);
			path = EntityTests;
			sourceTree = "<group>";
		};
		82D57CD81BEE740B0071C345 = {
			isa = PBXGroup;
			children = (
				82D57CE41BEE740B0071C345 /* Datez */,
				82D57CF01BEE740B0071C345 /* DatezTests */,
				82D57CE31BEE740B0071C345 /* Products */,
			);
			sourceTree = "<group>";
		};
		82D57CE31BEE740B0071C345 /* Products */ = {
			isa = PBXGroup;
			children = (
				82D57CE21BEE740B0071C345 /* Datez.framework */,
				82D57CEC1BEE740B0071C345 /* DatezTests-ios.xctest */,
				82D57D671BEF01DF0071C345 /* Datez.framework */,
				82D57D7E1BEF04250071C345 /* Datez.framework */,
				82D57D951BEF05BC0071C345 /* Datez.framework */,
				823F18641BF43A9D008DF5F8 /* DatezTests-tvos.xctest */,
				823F18731BF43AB6008DF5F8 /* DatezTests-osx.xctest */,
			);
			name = Products;
			sourceTree = "<group>";
		};
		82D57CE41BEE740B0071C345 /* Datez */ = {
			isa = PBXGroup;
			children = (
				82D57D1E1BEED6680071C345 /* Entity */,
				82D57D221BEED6680071C345 /* Extensions */,
				82D57D251BEED6680071C345 /* Operators */,
				82D57D971BEF06A60071C345 /* Support Files */,
			);
			path = Datez;
			sourceTree = "<group>";
		};
		82D57CF01BEE740B0071C345 /* DatezTests */ = {
			isa = PBXGroup;
			children = (
				828562471C164F280030FF3B /* EntityTests */,
				82FD6C031C16563B004A62FA /* ExtensionTests */,
				82FD6C091C1656E6004A62FA /* OperatorsTests */,
				82D57CF31BEE740B0071C345 /* Info.plist */,
			);
			path = DatezTests;
			sourceTree = "<group>";
		};
		82D57D1E1BEED6680071C345 /* Entity */ = {
			isa = PBXGroup;
			children = (
				82D57D1F1BEED6680071C345 /* CalendarComponents.swift */,
				82D57D201BEED6680071C345 /* DateView.swift */,
			);
			path = Entity;
			sourceTree = "<group>";
		};
		82D57D221BEED6680071C345 /* Extensions */ = {
			isa = PBXGroup;
			children = (
				82D57D3E1BEEEC8E0071C345 /* FoundationConversion */,
				82BCA8AD1BEF243200C1421E /* Counting.swift */,
				82D57D3C1BEEEB1A0071C345 /* Debugging.swift */,
				82D57D331BEED99C0071C345 /* Duration.swift */,
				82D57D241BEED6680071C345 /* Relativity.swift */,
			);
			path = Extensions;
			sourceTree = "<group>";
		};
		82D57D251BEED6680071C345 /* Operators */ = {
			isa = PBXGroup;
			children = (
				82D57D261BEED6680071C345 /* CalendarComponents+Operators.swift */,
				82D57D271BEED6680071C345 /* DateView+Operators.swift */,
				82D57D311BEED9050071C345 /* NSDate+Operators.swift */,
			);
			path = Operators;
			sourceTree = "<group>";
		};
		82D57D3E1BEEEC8E0071C345 /* FoundationConversion */ = {
			isa = PBXGroup;
			children = (
				82D57D3F1BEEECAF0071C345 /* NSDate+Conversion.swift */,
				82D57D411BEEECCD0071C345 /* NSDateComponents+Conversion.swift */,
				82D57D431BEEECF30071C345 /* NSTimeInterval+Conversion.swift */,
				82D57D451BEEED150071C345 /* NSCalendar+Conversion.swift */,
			);
			path = FoundationConversion;
			sourceTree = "<group>";
		};
		82D57D971BEF06A60071C345 /* Support Files */ = {
			isa = PBXGroup;
			children = (
				82D57D981BEF0EF90071C345 /* Datez-ios-Info.plist */,
				82D57D991BEF0EF90071C345 /* Datez-osx-Info.plist */,
				82D57D9A1BEF0EF90071C345 /* Datez-tvos-Info.plist */,
				82D57D9B1BEF0EF90071C345 /* Datez-watchos-Info.plist */,
			);
			path = "Support Files";
			sourceTree = "<group>";
		};
		82FD6C031C16563B004A62FA /* ExtensionTests */ = {
			isa = PBXGroup;
			children = (
				82FD6C041C16569B004A62FA /* FoundationConversionTests */,
				82FD6C121C165E25004A62FA /* CountingTests.swift */,
				8237A4311C1770EA008DEA43 /* DebuggingTests.swift */,
				8237A42D1C1770DA008DEA43 /* DurationTests.swift */,
				82FD6C131C165E25004A62FA /* RelativityTests.swift */,
			);
			path = ExtensionTests;
			sourceTree = "<group>";
		};
		82FD6C041C16569B004A62FA /* FoundationConversionTests */ = {
			isa = PBXGroup;
			children = (
				82FD6C1A1C165E46004A62FA /* NSDateConversionTests.swift */,
				82FD6C1E1C16603D004A62FA /* NSDateComponentsConversionTests.swift */,
				82FD6C051C1656D9004A62FA /* NSTimeIntervalConversionTests.swift */,
				82FD6C221C166225004A62FA /* NSCalendarConversionTests.swift */,
			);
			path = FoundationConversionTests;
			sourceTree = "<group>";
		};
		82FD6C091C1656E6004A62FA /* OperatorsTests */ = {
			isa = PBXGroup;
			children = (
				82FD6C0A1C165E05004A62FA /* CalendarComponentsOperatorsTests.swift */,
				82FD6C0B1C165E05004A62FA /* DateViewOperatorsTests.swift */,
				828C1CA71C1782DF0027C73D /* NSDateOperatorsTests.swift */,
			);
			path = OperatorsTests;
			sourceTree = "<group>";
		};
/* End PBXGroup section */

/* Begin PBXHeadersBuildPhase section */
		82D57CDF1BEE740B0071C345 /* Headers */ = {
			isa = PBXHeadersBuildPhase;
			buildActionMask = 2147483647;
			files = (
			);
			runOnlyForDeploymentPostprocessing = 0;
		};
		82D57D611BEF01DF0071C345 /* Headers */ = {
			isa = PBXHeadersBuildPhase;
			buildActionMask = 2147483647;
			files = (
			);
			runOnlyForDeploymentPostprocessing = 0;
		};
		82D57D781BEF04250071C345 /* Headers */ = {
			isa = PBXHeadersBuildPhase;
			buildActionMask = 2147483647;
			files = (
			);
			runOnlyForDeploymentPostprocessing = 0;
		};
		82D57D8F1BEF05BC0071C345 /* Headers */ = {
			isa = PBXHeadersBuildPhase;
			buildActionMask = 2147483647;
			files = (
			);
			runOnlyForDeploymentPostprocessing = 0;
		};
/* End PBXHeadersBuildPhase section */

/* Begin PBXNativeTarget section */
		823F18631BF43A9D008DF5F8 /* DatezTests-tvos */ = {
			isa = PBXNativeTarget;
			buildConfigurationList = 823F186C1BF43A9D008DF5F8 /* Build configuration list for PBXNativeTarget "DatezTests-tvos" */;
			buildPhases = (
				823F18601BF43A9D008DF5F8 /* Sources */,
				823F18611BF43A9D008DF5F8 /* Frameworks */,
				823F18621BF43A9D008DF5F8 /* Resources */,
			);
			buildRules = (
			);
			dependencies = (
				823F186B1BF43A9D008DF5F8 /* PBXTargetDependency */,
			);
			name = "DatezTests-tvos";
			productName = "DatezTests-tvos";
			productReference = 823F18641BF43A9D008DF5F8 /* DatezTests-tvos.xctest */;
			productType = "com.apple.product-type.bundle.unit-test";
		};
		823F18721BF43AB6008DF5F8 /* DatezTests-osx */ = {
			isa = PBXNativeTarget;
			buildConfigurationList = 823F187B1BF43AB7008DF5F8 /* Build configuration list for PBXNativeTarget "DatezTests-osx" */;
			buildPhases = (
				823F186F1BF43AB6008DF5F8 /* Sources */,
				823F18701BF43AB6008DF5F8 /* Frameworks */,
				823F18711BF43AB6008DF5F8 /* Resources */,
			);
			buildRules = (
			);
			dependencies = (
				823F187A1BF43AB7008DF5F8 /* PBXTargetDependency */,
			);
			name = "DatezTests-osx";
			productName = "DatezTests-osx";
			productReference = 823F18731BF43AB6008DF5F8 /* DatezTests-osx.xctest */;
			productType = "com.apple.product-type.bundle.unit-test";
		};
		82D57CE11BEE740B0071C345 /* Datez-ios */ = {
			isa = PBXNativeTarget;
			buildConfigurationList = 82D57CF61BEE740B0071C345 /* Build configuration list for PBXNativeTarget "Datez-ios" */;
			buildPhases = (
				82D57CDD1BEE740B0071C345 /* Sources */,
				82D57CDE1BEE740B0071C345 /* Frameworks */,
				82D57CDF1BEE740B0071C345 /* Headers */,
				82D57CE01BEE740B0071C345 /* Resources */,
			);
			buildRules = (
			);
			dependencies = (
			);
			name = "Datez-ios";
			productName = Datez;
			productReference = 82D57CE21BEE740B0071C345 /* Datez.framework */;
			productType = "com.apple.product-type.framework";
		};
		82D57CEB1BEE740B0071C345 /* DatezTests-ios */ = {
			isa = PBXNativeTarget;
			buildConfigurationList = 82D57CF91BEE740B0071C345 /* Build configuration list for PBXNativeTarget "DatezTests-ios" */;
			buildPhases = (
				82D57CE81BEE740B0071C345 /* Sources */,
				82D57CE91BEE740B0071C345 /* Frameworks */,
				82D57CEA1BEE740B0071C345 /* Resources */,
			);
			buildRules = (
			);
			dependencies = (
				82D57CEF1BEE740B0071C345 /* PBXTargetDependency */,
			);
			name = "DatezTests-ios";
			productName = DatezTests;
			productReference = 82D57CEC1BEE740B0071C345 /* DatezTests-ios.xctest */;
			productType = "com.apple.product-type.bundle.unit-test";
		};
		82D57D521BEF01DF0071C345 /* Datez-watchos */ = {
			isa = PBXNativeTarget;
			buildConfigurationList = 82D57D641BEF01DF0071C345 /* Build configuration list for PBXNativeTarget "Datez-watchos" */;
			buildPhases = (
				82D57D531BEF01DF0071C345 /* Sources */,
				82D57D601BEF01DF0071C345 /* Frameworks */,
				82D57D611BEF01DF0071C345 /* Headers */,
				82D57D631BEF01DF0071C345 /* Resources */,
			);
			buildRules = (
			);
			dependencies = (
			);
			name = "Datez-watchos";
			productName = Datez;
			productReference = 82D57D671BEF01DF0071C345 /* Datez.framework */;
			productType = "com.apple.product-type.framework";
		};
		82D57D691BEF04250071C345 /* Datez-osx */ = {
			isa = PBXNativeTarget;
			buildConfigurationList = 82D57D7B1BEF04250071C345 /* Build configuration list for PBXNativeTarget "Datez-osx" */;
			buildPhases = (
				82D57D6A1BEF04250071C345 /* Sources */,
				82D57D771BEF04250071C345 /* Frameworks */,
				82D57D781BEF04250071C345 /* Headers */,
				82D57D7A1BEF04250071C345 /* Resources */,
			);
			buildRules = (
			);
			dependencies = (
			);
			name = "Datez-osx";
			productName = Datez;
			productReference = 82D57D7E1BEF04250071C345 /* Datez.framework */;
			productType = "com.apple.product-type.framework";
		};
		82D57D801BEF05BC0071C345 /* Datez-tvos */ = {
			isa = PBXNativeTarget;
			buildConfigurationList = 82D57D921BEF05BC0071C345 /* Build configuration list for PBXNativeTarget "Datez-tvos" */;
			buildPhases = (
				82D57D811BEF05BC0071C345 /* Sources */,
				82D57D8E1BEF05BC0071C345 /* Frameworks */,
				82D57D8F1BEF05BC0071C345 /* Headers */,
				82D57D911BEF05BC0071C345 /* Resources */,
			);
			buildRules = (
			);
			dependencies = (
			);
			name = "Datez-tvos";
			productName = Datez;
			productReference = 82D57D951BEF05BC0071C345 /* Datez.framework */;
			productType = "com.apple.product-type.framework";
		};
/* End PBXNativeTarget section */

/* Begin PBXProject section */
		82D57CD91BEE740B0071C345 /* Project object */ = {
			isa = PBXProject;
			attributes = {
				LastSwiftUpdateCheck = 0710;
				LastUpgradeCheck = 0800;
				ORGANIZATIONNAME = kitz;
				TargetAttributes = {
					823F18631BF43A9D008DF5F8 = {
						CreatedOnToolsVersion = 7.1.1;
					};
					823F18721BF43AB6008DF5F8 = {
						CreatedOnToolsVersion = 7.1.1;
						LastSwiftMigration = 0800;
					};
					82D57CE11BEE740B0071C345 = {
						CreatedOnToolsVersion = 7.1;
						LastSwiftMigration = 0800;
					};
					82D57CEB1BEE740B0071C345 = {
						CreatedOnToolsVersion = 7.1;
						LastSwiftMigration = 0800;
					};
					82D57D691BEF04250071C345 = {
						LastSwiftMigration = 0800;
					};
				};
			};
			buildConfigurationList = 82D57CDC1BEE740B0071C345 /* Build configuration list for PBXProject "Datez" */;
			compatibilityVersion = "Xcode 3.2";
			developmentRegion = English;
			hasScannedForEncodings = 0;
			knownRegions = (
				en,
			);
			mainGroup = 82D57CD81BEE740B0071C345;
			productRefGroup = 82D57CE31BEE740B0071C345 /* Products */;
			projectDirPath = "";
			projectRoot = "";
			targets = (
				82D57CE11BEE740B0071C345 /* Datez-ios */,
				82D57D521BEF01DF0071C345 /* Datez-watchos */,
				82D57D691BEF04250071C345 /* Datez-osx */,
				82D57D801BEF05BC0071C345 /* Datez-tvos */,
				82D57CEB1BEE740B0071C345 /* DatezTests-ios */,
				823F18631BF43A9D008DF5F8 /* DatezTests-tvos */,
				823F18721BF43AB6008DF5F8 /* DatezTests-osx */,
			);
		};
/* End PBXProject section */

/* Begin PBXResourcesBuildPhase section */
		823F18621BF43A9D008DF5F8 /* Resources */ = {
			isa = PBXResourcesBuildPhase;
			buildActionMask = 2147483647;
			files = (
			);
			runOnlyForDeploymentPostprocessing = 0;
		};
		823F18711BF43AB6008DF5F8 /* Resources */ = {
			isa = PBXResourcesBuildPhase;
			buildActionMask = 2147483647;
			files = (
			);
			runOnlyForDeploymentPostprocessing = 0;
		};
		82D57CE01BEE740B0071C345 /* Resources */ = {
			isa = PBXResourcesBuildPhase;
			buildActionMask = 2147483647;
			files = (
			);
			runOnlyForDeploymentPostprocessing = 0;
		};
		82D57CEA1BEE740B0071C345 /* Resources */ = {
			isa = PBXResourcesBuildPhase;
			buildActionMask = 2147483647;
			files = (
			);
			runOnlyForDeploymentPostprocessing = 0;
		};
		82D57D631BEF01DF0071C345 /* Resources */ = {
			isa = PBXResourcesBuildPhase;
			buildActionMask = 2147483647;
			files = (
			);
			runOnlyForDeploymentPostprocessing = 0;
		};
		82D57D7A1BEF04250071C345 /* Resources */ = {
			isa = PBXResourcesBuildPhase;
			buildActionMask = 2147483647;
			files = (
			);
			runOnlyForDeploymentPostprocessing = 0;
		};
		82D57D911BEF05BC0071C345 /* Resources */ = {
			isa = PBXResourcesBuildPhase;
			buildActionMask = 2147483647;
			files = (
			);
			runOnlyForDeploymentPostprocessing = 0;
		};
/* End PBXResourcesBuildPhase section */

/* Begin PBXSourcesBuildPhase section */
		823F18601BF43A9D008DF5F8 /* Sources */ = {
			isa = PBXSourcesBuildPhase;
			buildActionMask = 2147483647;
			files = (
				82FD6C071C1656D9004A62FA /* NSTimeIntervalConversionTests.swift in Sources */,
				82FD6C201C16603D004A62FA /* NSDateComponentsConversionTests.swift in Sources */,
				8237A42F1C1770DA008DEA43 /* DurationTests.swift in Sources */,
				828562531C16523B0030FF3B /* DateViewTests.swift in Sources */,
				82FD6C151C165E25004A62FA /* CountingTests.swift in Sources */,
				82FD6C101C165E05004A62FA /* DateViewOperatorsTests.swift in Sources */,
				8237A4331C1770EA008DEA43 /* DebuggingTests.swift in Sources */,
				828562561C1652460030FF3B /* CalendarComponentsTests.swift in Sources */,
				82FD6C181C165E25004A62FA /* RelativityTests.swift in Sources */,
				82FD6C1C1C165E46004A62FA /* NSDateConversionTests.swift in Sources */,
				828C1CA91C1782DF0027C73D /* NSDateOperatorsTests.swift in Sources */,
				82FD6C241C166225004A62FA /* NSCalendarConversionTests.swift in Sources */,
				82FD6C0D1C165E05004A62FA /* CalendarComponentsOperatorsTests.swift in Sources */,
			);
			runOnlyForDeploymentPostprocessing = 0;
		};
		823F186F1BF43AB6008DF5F8 /* Sources */ = {
			isa = PBXSourcesBuildPhase;
			buildActionMask = 2147483647;
			files = (
				82FD6C081C1656D9004A62FA /* NSTimeIntervalConversionTests.swift in Sources */,
				82FD6C211C16603D004A62FA /* NSDateComponentsConversionTests.swift in Sources */,
				8237A4301C1770DA008DEA43 /* DurationTests.swift in Sources */,
				828562541C16523B0030FF3B /* DateViewTests.swift in Sources */,
				82FD6C161C165E25004A62FA /* CountingTests.swift in Sources */,
				82FD6C111C165E05004A62FA /* DateViewOperatorsTests.swift in Sources */,
				8237A4341C1770EA008DEA43 /* DebuggingTests.swift in Sources */,
				828562571C1652460030FF3B /* CalendarComponentsTests.swift in Sources */,
				82FD6C191C165E25004A62FA /* RelativityTests.swift in Sources */,
				82FD6C1D1C165E46004A62FA /* NSDateConversionTests.swift in Sources */,
				828C1CAA1C1782DF0027C73D /* NSDateOperatorsTests.swift in Sources */,
				82FD6C251C166225004A62FA /* NSCalendarConversionTests.swift in Sources */,
				82FD6C0E1C165E05004A62FA /* CalendarComponentsOperatorsTests.swift in Sources */,
			);
			runOnlyForDeploymentPostprocessing = 0;
		};
		82D57CDD1BEE740B0071C345 /* Sources */ = {
			isa = PBXSourcesBuildPhase;
			buildActionMask = 2147483647;
			files = (
				82D57D441BEEECF30071C345 /* NSTimeInterval+Conversion.swift in Sources */,
				82D57D2D1BEED6680071C345 /* CalendarComponents+Operators.swift in Sources */,
				82D57D461BEEED150071C345 /* NSCalendar+Conversion.swift in Sources */,
				82D57D421BEEECCD0071C345 /* NSDateComponents+Conversion.swift in Sources */,
				82D57D3D1BEEEB1A0071C345 /* Debugging.swift in Sources */,
				82D57D321BEED9050071C345 /* NSDate+Operators.swift in Sources */,
				82D57D2C1BEED6680071C345 /* Relativity.swift in Sources */,
				82BCA8AE1BEF243200C1421E /* Counting.swift in Sources */,
				82D57D2E1BEED6680071C345 /* DateView+Operators.swift in Sources */,
				82D57D291BEED6680071C345 /* DateView.swift in Sources */,
				82D57D401BEEECAF0071C345 /* NSDate+Conversion.swift in Sources */,
				82D57D341BEED99C0071C345 /* Duration.swift in Sources */,
				82D57D281BEED6680071C345 /* CalendarComponents.swift in Sources */,
			);
			runOnlyForDeploymentPostprocessing = 0;
		};
		82D57CE81BEE740B0071C345 /* Sources */ = {
			isa = PBXSourcesBuildPhase;
			buildActionMask = 2147483647;
			files = (
				82FD6C061C1656D9004A62FA /* NSTimeIntervalConversionTests.swift in Sources */,
				82FD6C1F1C16603D004A62FA /* NSDateComponentsConversionTests.swift in Sources */,
				8237A42E1C1770DA008DEA43 /* DurationTests.swift in Sources */,
				828562521C16523A0030FF3B /* DateViewTests.swift in Sources */,
				82FD6C141C165E25004A62FA /* CountingTests.swift in Sources */,
				82FD6C0F1C165E05004A62FA /* DateViewOperatorsTests.swift in Sources */,
				8237A4321C1770EA008DEA43 /* DebuggingTests.swift in Sources */,
				828562551C1652450030FF3B /* CalendarComponentsTests.swift in Sources */,
				82FD6C171C165E25004A62FA /* RelativityTests.swift in Sources */,
				82FD6C1B1C165E46004A62FA /* NSDateConversionTests.swift in Sources */,
				828C1CA81C1782DF0027C73D /* NSDateOperatorsTests.swift in Sources */,
				82FD6C231C166225004A62FA /* NSCalendarConversionTests.swift in Sources */,
				82FD6C0C1C165E05004A62FA /* CalendarComponentsOperatorsTests.swift in Sources */,
			);
			runOnlyForDeploymentPostprocessing = 0;
		};
		82D57D531BEF01DF0071C345 /* Sources */ = {
			isa = PBXSourcesBuildPhase;
			buildActionMask = 2147483647;
			files = (
				82D57D541BEF01DF0071C345 /* NSTimeInterval+Conversion.swift in Sources */,
				82D57D551BEF01DF0071C345 /* CalendarComponents+Operators.swift in Sources */,
				82D57D561BEF01DF0071C345 /* NSCalendar+Conversion.swift in Sources */,
				82D57D571BEF01DF0071C345 /* NSDateComponents+Conversion.swift in Sources */,
				82D57D581BEF01DF0071C345 /* Debugging.swift in Sources */,
				82D57D591BEF01DF0071C345 /* NSDate+Operators.swift in Sources */,
				82D57D5A1BEF01DF0071C345 /* Relativity.swift in Sources */,
				82BCA8AF1BEF243200C1421E /* Counting.swift in Sources */,
				82D57D5B1BEF01DF0071C345 /* DateView+Operators.swift in Sources */,
				82D57D5C1BEF01DF0071C345 /* DateView.swift in Sources */,
				82D57D5D1BEF01DF0071C345 /* NSDate+Conversion.swift in Sources */,
				82D57D5E1BEF01DF0071C345 /* Duration.swift in Sources */,
				82D57D5F1BEF01DF0071C345 /* CalendarComponents.swift in Sources */,
			);
			runOnlyForDeploymentPostprocessing = 0;
		};
		82D57D6A1BEF04250071C345 /* Sources */ = {
			isa = PBXSourcesBuildPhase;
			buildActionMask = 2147483647;
			files = (
				82D57D6B1BEF04250071C345 /* NSTimeInterval+Conversion.swift in Sources */,
				82D57D6C1BEF04250071C345 /* CalendarComponents+Operators.swift in Sources */,
				82D57D6D1BEF04250071C345 /* NSCalendar+Conversion.swift in Sources */,
				82D57D6E1BEF04250071C345 /* NSDateComponents+Conversion.swift in Sources */,
				82D57D6F1BEF04250071C345 /* Debugging.swift in Sources */,
				82D57D701BEF04250071C345 /* NSDate+Operators.swift in Sources */,
				82D57D711BEF04250071C345 /* Relativity.swift in Sources */,
				82BCA8B01BEF243200C1421E /* Counting.swift in Sources */,
				82D57D721BEF04250071C345 /* DateView+Operators.swift in Sources */,
				82D57D731BEF04250071C345 /* DateView.swift in Sources */,
				82D57D741BEF04250071C345 /* NSDate+Conversion.swift in Sources */,
				82D57D751BEF04250071C345 /* Duration.swift in Sources */,
				82D57D761BEF04250071C345 /* CalendarComponents.swift in Sources */,
			);
			runOnlyForDeploymentPostprocessing = 0;
		};
		82D57D811BEF05BC0071C345 /* Sources */ = {
			isa = PBXSourcesBuildPhase;
			buildActionMask = 2147483647;
			files = (
				82D57D821BEF05BC0071C345 /* NSTimeInterval+Conversion.swift in Sources */,
				82D57D831BEF05BC0071C345 /* CalendarComponents+Operators.swift in Sources */,
				82D57D841BEF05BC0071C345 /* NSCalendar+Conversion.swift in Sources */,
				82D57D851BEF05BC0071C345 /* NSDateComponents+Conversion.swift in Sources */,
				82D57D861BEF05BC0071C345 /* Debugging.swift in Sources */,
				82D57D871BEF05BC0071C345 /* NSDate+Operators.swift in Sources */,
				82D57D881BEF05BC0071C345 /* Relativity.swift in Sources */,
				82BCA8B11BEF243200C1421E /* Counting.swift in Sources */,
				82D57D891BEF05BC0071C345 /* DateView+Operators.swift in Sources */,
				82D57D8A1BEF05BC0071C345 /* DateView.swift in Sources */,
				82D57D8B1BEF05BC0071C345 /* NSDate+Conversion.swift in Sources */,
				82D57D8C1BEF05BC0071C345 /* Duration.swift in Sources */,
				82D57D8D1BEF05BC0071C345 /* CalendarComponents.swift in Sources */,
			);
			runOnlyForDeploymentPostprocessing = 0;
		};
/* End PBXSourcesBuildPhase section */

/* Begin PBXTargetDependency section */
		823F186B1BF43A9D008DF5F8 /* PBXTargetDependency */ = {
			isa = PBXTargetDependency;
			target = 82D57D801BEF05BC0071C345 /* Datez-tvos */;
			targetProxy = 823F186A1BF43A9D008DF5F8 /* PBXContainerItemProxy */;
		};
		823F187A1BF43AB7008DF5F8 /* PBXTargetDependency */ = {
			isa = PBXTargetDependency;
			target = 82D57D691BEF04250071C345 /* Datez-osx */;
			targetProxy = 823F18791BF43AB7008DF5F8 /* PBXContainerItemProxy */;
		};
		82D57CEF1BEE740B0071C345 /* PBXTargetDependency */ = {
			isa = PBXTargetDependency;
			target = 82D57CE11BEE740B0071C345 /* Datez-ios */;
			targetProxy = 82D57CEE1BEE740B0071C345 /* PBXContainerItemProxy */;
		};
/* End PBXTargetDependency section */

/* Begin XCBuildConfiguration section */
		823F186D1BF43A9D008DF5F8 /* Debug */ = {
			isa = XCBuildConfiguration;
			buildSettings = {
				INFOPLIST_FILE = "DatezTests-tvos/Info.plist";
				LD_RUNPATH_SEARCH_PATHS = "$(inherited) @executable_path/Frameworks @loader_path/Frameworks";
				PRODUCT_BUNDLE_IDENTIFIER = "io.kitz.DatezTests-tvos";
				PRODUCT_NAME = "$(TARGET_NAME)";
				SDKROOT = appletvos;
			};
			name = Debug;
		};
		823F186E1BF43A9D008DF5F8 /* Release */ = {
			isa = XCBuildConfiguration;
			buildSettings = {
				INFOPLIST_FILE = "DatezTests-tvos/Info.plist";
				LD_RUNPATH_SEARCH_PATHS = "$(inherited) @executable_path/Frameworks @loader_path/Frameworks";
				PRODUCT_BUNDLE_IDENTIFIER = "io.kitz.DatezTests-tvos";
				PRODUCT_NAME = "$(TARGET_NAME)";
				SDKROOT = appletvos;
			};
			name = Release;
		};
		823F187C1BF43AB7008DF5F8 /* Debug */ = {
			isa = XCBuildConfiguration;
			buildSettings = {
				CODE_SIGN_IDENTITY = "-";
				COMBINE_HIDPI_IMAGES = YES;
				INFOPLIST_FILE = DatezTests/Info.plist;
				LD_RUNPATH_SEARCH_PATHS = "$(inherited) @executable_path/../Frameworks @loader_path/../Frameworks";
				MACOSX_DEPLOYMENT_TARGET = 10.10;
				PRODUCT_BUNDLE_IDENTIFIER = "io.kitz.DatezTests-osx";
				PRODUCT_NAME = "$(TARGET_NAME)";
				SDKROOT = macosx;
			};
			name = Debug;
		};
		823F187D1BF43AB7008DF5F8 /* Release */ = {
			isa = XCBuildConfiguration;
			buildSettings = {
				CODE_SIGN_IDENTITY = "-";
				COMBINE_HIDPI_IMAGES = YES;
				INFOPLIST_FILE = DatezTests/Info.plist;
				LD_RUNPATH_SEARCH_PATHS = "$(inherited) @executable_path/../Frameworks @loader_path/../Frameworks";
				MACOSX_DEPLOYMENT_TARGET = 10.10;
				PRODUCT_BUNDLE_IDENTIFIER = "io.kitz.DatezTests-osx";
				PRODUCT_NAME = "$(TARGET_NAME)";
				SDKROOT = macosx;
			};
			name = Release;
		};
		82D57CF41BEE740B0071C345 /* Debug */ = {
			isa = XCBuildConfiguration;
			buildSettings = {
				ALWAYS_SEARCH_USER_PATHS = NO;
				CLANG_CXX_LANGUAGE_STANDARD = "gnu++0x";
				CLANG_CXX_LIBRARY = "libc++";
				CLANG_ENABLE_MODULES = YES;
				CLANG_ENABLE_OBJC_ARC = YES;
				CLANG_WARN_BOOL_CONVERSION = YES;
				CLANG_WARN_CONSTANT_CONVERSION = YES;
				CLANG_WARN_DIRECT_OBJC_ISA_USAGE = YES_ERROR;
				CLANG_WARN_EMPTY_BODY = YES;
				CLANG_WARN_ENUM_CONVERSION = YES;
				CLANG_WARN_INFINITE_RECURSION = YES;
				CLANG_WARN_INT_CONVERSION = YES;
				CLANG_WARN_OBJC_ROOT_CLASS = YES_ERROR;
				CLANG_WARN_SUSPICIOUS_MOVE = YES;
				CLANG_WARN_UNREACHABLE_CODE = YES;
				CLANG_WARN__DUPLICATE_METHOD_MATCH = YES;
				"CODE_SIGN_IDENTITY[sdk=iphoneos*]" = "iPhone Developer";
				COPY_PHASE_STRIP = NO;
				CURRENT_PROJECT_VERSION = 1;
				DEBUG_INFORMATION_FORMAT = dwarf;
				ENABLE_STRICT_OBJC_MSGSEND = YES;
				ENABLE_TESTABILITY = YES;
				GCC_C_LANGUAGE_STANDARD = gnu99;
				GCC_DYNAMIC_NO_PIC = NO;
				GCC_NO_COMMON_BLOCKS = YES;
				GCC_OPTIMIZATION_LEVEL = 0;
				GCC_PREPROCESSOR_DEFINITIONS = (
					"DEBUG=1",
					"$(inherited)",
				);
				GCC_WARN_64_TO_32_BIT_CONVERSION = YES;
				GCC_WARN_ABOUT_RETURN_TYPE = YES_ERROR;
				GCC_WARN_UNDECLARED_SELECTOR = YES;
				GCC_WARN_UNINITIALIZED_AUTOS = YES_AGGRESSIVE;
				GCC_WARN_UNUSED_FUNCTION = YES;
				GCC_WARN_UNUSED_VARIABLE = YES;
				IPHONEOS_DEPLOYMENT_TARGET = 8.0;
				MACOSX_DEPLOYMENT_TARGET = 10.9;
				MTL_ENABLE_DEBUG_INFO = YES;
				ONLY_ACTIVE_ARCH = YES;
				PRODUCT_NAME = Datez;
				SDKROOT = iphoneos;
				SWIFT_OPTIMIZATION_LEVEL = "-Onone";
				SWIFT_VERSION = 3.0;
				TARGETED_DEVICE_FAMILY = "1,2";
				TVOS_DEPLOYMENT_TARGET = 9.0;
				VERSIONING_SYSTEM = "apple-generic";
				VERSION_INFO_PREFIX = "";
				WATCHOS_DEPLOYMENT_TARGET = 2.0;
			};
			name = Debug;
		};
		82D57CF51BEE740B0071C345 /* Release */ = {
			isa = XCBuildConfiguration;
			buildSettings = {
				ALWAYS_SEARCH_USER_PATHS = NO;
				CLANG_CXX_LANGUAGE_STANDARD = "gnu++0x";
				CLANG_CXX_LIBRARY = "libc++";
				CLANG_ENABLE_MODULES = YES;
				CLANG_ENABLE_OBJC_ARC = YES;
				CLANG_WARN_BOOL_CONVERSION = YES;
				CLANG_WARN_CONSTANT_CONVERSION = YES;
				CLANG_WARN_DIRECT_OBJC_ISA_USAGE = YES_ERROR;
				CLANG_WARN_EMPTY_BODY = YES;
				CLANG_WARN_ENUM_CONVERSION = YES;
				CLANG_WARN_INFINITE_RECURSION = YES;
				CLANG_WARN_INT_CONVERSION = YES;
				CLANG_WARN_OBJC_ROOT_CLASS = YES_ERROR;
				CLANG_WARN_SUSPICIOUS_MOVE = YES;
				CLANG_WARN_UNREACHABLE_CODE = YES;
				CLANG_WARN__DUPLICATE_METHOD_MATCH = YES;
				"CODE_SIGN_IDENTITY[sdk=iphoneos*]" = "iPhone Developer";
				COPY_PHASE_STRIP = NO;
				CURRENT_PROJECT_VERSION = 1;
				DEBUG_INFORMATION_FORMAT = "dwarf-with-dsym";
				ENABLE_NS_ASSERTIONS = NO;
				ENABLE_STRICT_OBJC_MSGSEND = YES;
				GCC_C_LANGUAGE_STANDARD = gnu99;
				GCC_NO_COMMON_BLOCKS = YES;
				GCC_WARN_64_TO_32_BIT_CONVERSION = YES;
				GCC_WARN_ABOUT_RETURN_TYPE = YES_ERROR;
				GCC_WARN_UNDECLARED_SELECTOR = YES;
				GCC_WARN_UNINITIALIZED_AUTOS = YES_AGGRESSIVE;
				GCC_WARN_UNUSED_FUNCTION = YES;
				GCC_WARN_UNUSED_VARIABLE = YES;
				IPHONEOS_DEPLOYMENT_TARGET = 8.0;
				MACOSX_DEPLOYMENT_TARGET = 10.9;
				MTL_ENABLE_DEBUG_INFO = NO;
				PRODUCT_NAME = Datez;
				SDKROOT = iphoneos;
				SWIFT_OPTIMIZATION_LEVEL = "-Owholemodule";
				SWIFT_VERSION = 3.0;
				TARGETED_DEVICE_FAMILY = "1,2";
				TVOS_DEPLOYMENT_TARGET = 9.0;
				VALIDATE_PRODUCT = YES;
				VERSIONING_SYSTEM = "apple-generic";
				VERSION_INFO_PREFIX = "";
				WATCHOS_DEPLOYMENT_TARGET = 2.0;
			};
			name = Release;
		};
		82D57CF71BEE740B0071C345 /* Debug */ = {
			isa = XCBuildConfiguration;
			buildSettings = {
				APPLICATION_EXTENSION_API_ONLY = YES;
				"CODE_SIGN_IDENTITY[sdk=iphoneos*]" = "";
				DEFINES_MODULE = YES;
				DYLIB_COMPATIBILITY_VERSION = 1;
				DYLIB_CURRENT_VERSION = 1;
				DYLIB_INSTALL_NAME_BASE = "@rpath";
				INFOPLIST_FILE = "Datez/Support Files/Datez-ios-Info.plist";
				INSTALL_PATH = "$(LOCAL_LIBRARY_DIR)/Frameworks";
				LD_RUNPATH_SEARCH_PATHS = "$(inherited) @executable_path/Frameworks @loader_path/Frameworks";
				PRODUCT_BUNDLE_IDENTIFIER = com.kitz.Datez;
				SKIP_INSTALL = YES;
			};
			name = Debug;
		};
		82D57CF81BEE740B0071C345 /* Release */ = {
			isa = XCBuildConfiguration;
			buildSettings = {
				APPLICATION_EXTENSION_API_ONLY = YES;
				"CODE_SIGN_IDENTITY[sdk=iphoneos*]" = "";
				DEFINES_MODULE = YES;
				DYLIB_COMPATIBILITY_VERSION = 1;
				DYLIB_CURRENT_VERSION = 1;
				DYLIB_INSTALL_NAME_BASE = "@rpath";
				INFOPLIST_FILE = "Datez/Support Files/Datez-ios-Info.plist";
				INSTALL_PATH = "$(LOCAL_LIBRARY_DIR)/Frameworks";
				LD_RUNPATH_SEARCH_PATHS = "$(inherited) @executable_path/Frameworks @loader_path/Frameworks";
				PRODUCT_BUNDLE_IDENTIFIER = com.kitz.Datez;
				SKIP_INSTALL = YES;
			};
			name = Release;
		};
		82D57CFA1BEE740B0071C345 /* Debug */ = {
			isa = XCBuildConfiguration;
			buildSettings = {
				INFOPLIST_FILE = DatezTests/Info.plist;
				LD_RUNPATH_SEARCH_PATHS = "$(inherited) @executable_path/Frameworks @loader_path/Frameworks";
				PRODUCT_BUNDLE_IDENTIFIER = com.kitz.DatezTests;
				PRODUCT_NAME = "$(TARGET_NAME)";
			};
			name = Debug;
		};
		82D57CFB1BEE740B0071C345 /* Release */ = {
			isa = XCBuildConfiguration;
			buildSettings = {
				INFOPLIST_FILE = DatezTests/Info.plist;
				LD_RUNPATH_SEARCH_PATHS = "$(inherited) @executable_path/Frameworks @loader_path/Frameworks";
				PRODUCT_BUNDLE_IDENTIFIER = com.kitz.DatezTests;
				PRODUCT_NAME = "$(TARGET_NAME)";
			};
			name = Release;
		};
		82D57D651BEF01DF0071C345 /* Debug */ = {
			isa = XCBuildConfiguration;
			buildSettings = {
				APPLICATION_EXTENSION_API_ONLY = YES;
				"CODE_SIGN_IDENTITY[sdk=watchos*]" = "";
				DEFINES_MODULE = YES;
				DYLIB_COMPATIBILITY_VERSION = 1;
				DYLIB_CURRENT_VERSION = 1;
				DYLIB_INSTALL_NAME_BASE = "@rpath";
				ENABLE_BITCODE = YES;
				INFOPLIST_FILE = "Datez/Support Files/Datez-watchos-Info.plist";
				INSTALL_PATH = "$(LOCAL_LIBRARY_DIR)/Frameworks";
				LD_RUNPATH_SEARCH_PATHS = "$(inherited) @executable_path/Frameworks @loader_path/Frameworks";
				PRODUCT_BUNDLE_IDENTIFIER = com.kitz.Datez;
				SDKROOT = watchos;
				SKIP_INSTALL = YES;
			};
			name = Debug;
		};
		82D57D661BEF01DF0071C345 /* Release */ = {
			isa = XCBuildConfiguration;
			buildSettings = {
				APPLICATION_EXTENSION_API_ONLY = YES;
				"CODE_SIGN_IDENTITY[sdk=watchos*]" = "";
				DEFINES_MODULE = YES;
				DYLIB_COMPATIBILITY_VERSION = 1;
				DYLIB_CURRENT_VERSION = 1;
				DYLIB_INSTALL_NAME_BASE = "@rpath";
				ENABLE_BITCODE = YES;
				INFOPLIST_FILE = "Datez/Support Files/Datez-watchos-Info.plist";
				INSTALL_PATH = "$(LOCAL_LIBRARY_DIR)/Frameworks";
				LD_RUNPATH_SEARCH_PATHS = "$(inherited) @executable_path/Frameworks @loader_path/Frameworks";
				PRODUCT_BUNDLE_IDENTIFIER = com.kitz.Datez;
				SDKROOT = watchos;
				SKIP_INSTALL = YES;
			};
			name = Release;
		};
		82D57D7C1BEF04250071C345 /* Debug */ = {
			isa = XCBuildConfiguration;
			buildSettings = {
				APPLICATION_EXTENSION_API_ONLY = YES;
				DEFINES_MODULE = YES;
				DYLIB_COMPATIBILITY_VERSION = 1;
				DYLIB_CURRENT_VERSION = 1;
				DYLIB_INSTALL_NAME_BASE = "@rpath";
				INFOPLIST_FILE = "Datez/Support Files/Datez-osx-Info.plist";
				INSTALL_PATH = "$(LOCAL_LIBRARY_DIR)/Frameworks";
				LD_RUNPATH_SEARCH_PATHS = "$(inherited) @executable_path/Frameworks @loader_path/Frameworks";
				PRODUCT_BUNDLE_IDENTIFIER = com.kitz.Datez;
				SDKROOT = macosx;
				SKIP_INSTALL = YES;
			};
			name = Debug;
		};
		82D57D7D1BEF04250071C345 /* Release */ = {
			isa = XCBuildConfiguration;
			buildSettings = {
				APPLICATION_EXTENSION_API_ONLY = YES;
				DEFINES_MODULE = YES;
				DYLIB_COMPATIBILITY_VERSION = 1;
				DYLIB_CURRENT_VERSION = 1;
				DYLIB_INSTALL_NAME_BASE = "@rpath";
				INFOPLIST_FILE = "Datez/Support Files/Datez-osx-Info.plist";
				INSTALL_PATH = "$(LOCAL_LIBRARY_DIR)/Frameworks";
				LD_RUNPATH_SEARCH_PATHS = "$(inherited) @executable_path/Frameworks @loader_path/Frameworks";
				PRODUCT_BUNDLE_IDENTIFIER = com.kitz.Datez;
				SDKROOT = macosx;
				SKIP_INSTALL = YES;
			};
			name = Release;
		};
		82D57D931BEF05BC0071C345 /* Debug */ = {
			isa = XCBuildConfiguration;
			buildSettings = {
				APPLICATION_EXTENSION_API_ONLY = YES;
				"CODE_SIGN_IDENTITY[sdk=appletvos*]" = "";
				DEFINES_MODULE = YES;
				DYLIB_COMPATIBILITY_VERSION = 1;
				DYLIB_CURRENT_VERSION = 1;
				DYLIB_INSTALL_NAME_BASE = "@rpath";
				ENABLE_BITCODE = YES;
				INFOPLIST_FILE = "Datez/Support Files/Datez-tvos-Info.plist";
				INSTALL_PATH = "$(LOCAL_LIBRARY_DIR)/Frameworks";
				LD_RUNPATH_SEARCH_PATHS = "$(inherited) @executable_path/Frameworks @loader_path/Frameworks";
				PRODUCT_BUNDLE_IDENTIFIER = com.kitz.Datez;
				SDKROOT = appletvos;
				SKIP_INSTALL = YES;
			};
			name = Debug;
		};
		82D57D941BEF05BC0071C345 /* Release */ = {
			isa = XCBuildConfiguration;
			buildSettings = {
				APPLICATION_EXTENSION_API_ONLY = YES;
				"CODE_SIGN_IDENTITY[sdk=appletvos*]" = "";
				DEFINES_MODULE = YES;
				DYLIB_COMPATIBILITY_VERSION = 1;
				DYLIB_CURRENT_VERSION = 1;
				DYLIB_INSTALL_NAME_BASE = "@rpath";
				ENABLE_BITCODE = YES;
				INFOPLIST_FILE = "Datez/Support Files/Datez-tvos-Info.plist";
				INSTALL_PATH = "$(LOCAL_LIBRARY_DIR)/Frameworks";
				LD_RUNPATH_SEARCH_PATHS = "$(inherited) @executable_path/Frameworks @loader_path/Frameworks";
				PRODUCT_BUNDLE_IDENTIFIER = com.kitz.Datez;
				SDKROOT = appletvos;
				SKIP_INSTALL = YES;
			};
			name = Release;
		};
/* End XCBuildConfiguration section */

/* Begin XCConfigurationList section */
		823F186C1BF43A9D008DF5F8 /* Build configuration list for PBXNativeTarget "DatezTests-tvos" */ = {
			isa = XCConfigurationList;
			buildConfigurations = (
				823F186D1BF43A9D008DF5F8 /* Debug */,
				823F186E1BF43A9D008DF5F8 /* Release */,
			);
			defaultConfigurationIsVisible = 0;
			defaultConfigurationName = Release;
		};
		823F187B1BF43AB7008DF5F8 /* Build configuration list for PBXNativeTarget "DatezTests-osx" */ = {
			isa = XCConfigurationList;
			buildConfigurations = (
				823F187C1BF43AB7008DF5F8 /* Debug */,
				823F187D1BF43AB7008DF5F8 /* Release */,
			);
			defaultConfigurationIsVisible = 0;
			defaultConfigurationName = Release;
		};
		82D57CDC1BEE740B0071C345 /* Build configuration list for PBXProject "Datez" */ = {
			isa = XCConfigurationList;
			buildConfigurations = (
				82D57CF41BEE740B0071C345 /* Debug */,
				82D57CF51BEE740B0071C345 /* Release */,
			);
			defaultConfigurationIsVisible = 0;
			defaultConfigurationName = Release;
		};
		82D57CF61BEE740B0071C345 /* Build configuration list for PBXNativeTarget "Datez-ios" */ = {
			isa = XCConfigurationList;
			buildConfigurations = (
				82D57CF71BEE740B0071C345 /* Debug */,
				82D57CF81BEE740B0071C345 /* Release */,
			);
			defaultConfigurationIsVisible = 0;
			defaultConfigurationName = Release;
		};
		82D57CF91BEE740B0071C345 /* Build configuration list for PBXNativeTarget "DatezTests-ios" */ = {
			isa = XCConfigurationList;
			buildConfigurations = (
				82D57CFA1BEE740B0071C345 /* Debug */,
				82D57CFB1BEE740B0071C345 /* Release */,
			);
			defaultConfigurationIsVisible = 0;
			defaultConfigurationName = Release;
		};
		82D57D641BEF01DF0071C345 /* Build configuration list for PBXNativeTarget "Datez-watchos" */ = {
			isa = XCConfigurationList;
			buildConfigurations = (
				82D57D651BEF01DF0071C345 /* Debug */,
				82D57D661BEF01DF0071C345 /* Release */,
			);
			defaultConfigurationIsVisible = 0;
			defaultConfigurationName = Release;
		};
		82D57D7B1BEF04250071C345 /* Build configuration list for PBXNativeTarget "Datez-osx" */ = {
			isa = XCConfigurationList;
			buildConfigurations = (
				82D57D7C1BEF04250071C345 /* Debug */,
				82D57D7D1BEF04250071C345 /* Release */,
			);
			defaultConfigurationIsVisible = 0;
			defaultConfigurationName = Release;
		};
		82D57D921BEF05BC0071C345 /* Build configuration list for PBXNativeTarget "Datez-tvos" */ = {
			isa = XCConfigurationList;
			buildConfigurations = (
				82D57D931BEF05BC0071C345 /* Debug */,
				82D57D941BEF05BC0071C345 /* Release */,
			);
			defaultConfigurationIsVisible = 0;
			defaultConfigurationName = Release;
		};
/* End XCConfigurationList section */
	};
	rootObject = 82D57CD91BEE740B0071C345 /* Project object */;
}
